// !$*UTF8*$!
{
	archiveVersion = 1;
	classes = {
	};
	objectVersion = 46;
	objects = {

/* Begin PBXBuildFile section */
		DD9881D51CABDD8200BB0B06 /* AllStopsForAllRoutes.json in Resources */ = {isa = PBXBuildFile; fileRef = DD9881D41CABDD8200BB0B06 /* AllStopsForAllRoutes.json */; };
		DD9881D91CABDE3A00BB0B06 /* BusesModel.xcdatamodeld in Sources */ = {isa = PBXBuildFile; fileRef = DD9881D71CABDE3A00BB0B06 /* BusesModel.xcdatamodeld */; };
		DD9881E81CABE67B00BB0B06 /* Stop.m in Sources */ = {isa = PBXBuildFile; fileRef = DD9881E71CABE67B00BB0B06 /* Stop.m */; };
		DD9881FD1CAC12D400BB0B06 /* LkRouteStop.m in Sources */ = {isa = PBXBuildFile; fileRef = DD9881FC1CAC12D400BB0B06 /* LkRouteStop.m */; };
		DD9882031CAC1D8A00BB0B06 /* StopsTableViewController.m in Sources */ = {isa = PBXBuildFile; fileRef = DD9882021CAC1D8A00BB0B06 /* StopsTableViewController.m */; };
		DD98823D1CAC5BBF00BB0B06 /* CDLkRouteStop+CoreDataProperties.m in Sources */ = {isa = PBXBuildFile; fileRef = DD9882321CAC5BBF00BB0B06 /* CDLkRouteStop+CoreDataProperties.m */; };
		DD98823E1CAC5BBF00BB0B06 /* CDLkRouteStop.m in Sources */ = {isa = PBXBuildFile; fileRef = DD9882341CAC5BBF00BB0B06 /* CDLkRouteStop.m */; };
		DD98823F1CAC5BBF00BB0B06 /* CDStop+CoreDataProperties.m in Sources */ = {isa = PBXBuildFile; fileRef = DD9882361CAC5BBF00BB0B06 /* CDStop+CoreDataProperties.m */; };
		DD9882401CAC5BBF00BB0B06 /* CDStop.m in Sources */ = {isa = PBXBuildFile; fileRef = DD9882381CAC5BBF00BB0B06 /* CDStop.m */; };
		DD9882411CAC5BBF00BB0B06 /* CDRoute+CoreDataProperties.m in Sources */ = {isa = PBXBuildFile; fileRef = DD98823A1CAC5BBF00BB0B06 /* CDRoute+CoreDataProperties.m */; };
		DD9882421CAC5BBF00BB0B06 /* CDRoute.m in Sources */ = {isa = PBXBuildFile; fileRef = DD98823C1CAC5BBF00BB0B06 /* CDRoute.m */; };
		DD9BC7561C84610F00900F85 /* main.m in Sources */ = {isa = PBXBuildFile; fileRef = DD9BC7551C84610F00900F85 /* main.m */; };
		DD9BC7591C84610F00900F85 /* AppDelegate.m in Sources */ = {isa = PBXBuildFile; fileRef = DD9BC7581C84610F00900F85 /* AppDelegate.m */; };
		DD9BC75F1C84610F00900F85 /* Main.storyboard in Resources */ = {isa = PBXBuildFile; fileRef = DD9BC75D1C84610F00900F85 /* Main.storyboard */; };
		DD9BC7611C84610F00900F85 /* Assets.xcassets in Resources */ = {isa = PBXBuildFile; fileRef = DD9BC7601C84610F00900F85 /* Assets.xcassets */; };
		DD9BC7641C84610F00900F85 /* LaunchScreen.storyboard in Resources */ = {isa = PBXBuildFile; fileRef = DD9BC7621C84610F00900F85 /* LaunchScreen.storyboard */; };
		DD9BC76C1C84611C00900F85 /* CoreData.framework in Frameworks */ = {isa = PBXBuildFile; fileRef = DD9BC76B1C84611C00900F85 /* CoreData.framework */; };
		DD9BC76E1C84612600900F85 /* CoreLocation.framework in Frameworks */ = {isa = PBXBuildFile; fileRef = DD9BC76D1C84612600900F85 /* CoreLocation.framework */; };
		DD9BC7701C84612E00900F85 /* MapKit.framework in Frameworks */ = {isa = PBXBuildFile; fileRef = DD9BC76F1C84612E00900F85 /* MapKit.framework */; };
		DD9BC7731C8461FB00900F85 /* InitialLoadViewController.m in Sources */ = {isa = PBXBuildFile; fileRef = DD9BC7721C8461FB00900F85 /* InitialLoadViewController.m */; };
		DD9BC77A1C8462E500900F85 /* RoutesTableViewController.m in Sources */ = {isa = PBXBuildFile; fileRef = DD9BC7791C8462E500900F85 /* RoutesTableViewController.m */; };
		DD9BC77F1C8463A700900F85 /* HTTPGetRequest.m in Sources */ = {isa = PBXBuildFile; fileRef = DD9BC77E1C8463A700900F85 /* HTTPGetRequest.m */; };
		DD9BC7821C8464C100900F85 /* Route.m in Sources */ = {isa = PBXBuildFile; fileRef = DD9BC7811C8464C100900F85 /* Route.m */; };
		DDA1DEAC1CB7B86600B0CE1C /* DepartureTimesViewController.m in Sources */ = {isa = PBXBuildFile; fileRef = DDA1DEAB1CB7B86600B0CE1C /* DepartureTimesViewController.m */; };
		DDA1DEAF1CB7BBC100B0CE1C /* DepartureTime.m in Sources */ = {isa = PBXBuildFile; fileRef = DDA1DEAE1CB7BBC100B0CE1C /* DepartureTime.m */; };
		DDA1DEB21CB7C3B200B0CE1C /* DepartureTimeTableViewCell.m in Sources */ = {isa = PBXBuildFile; fileRef = DDA1DEB11CB7C3B200B0CE1C /* DepartureTimeTableViewCell.m */; };
/* End PBXBuildFile section */

/* Begin PBXFileReference section */
		DD9881D41CABDD8200BB0B06 /* AllStopsForAllRoutes.json */ = {isa = PBXFileReference; fileEncoding = 4; lastKnownFileType = text.json; path = AllStopsForAllRoutes.json; sourceTree = "<group>"; };
		DD9881D81CABDE3A00BB0B06 /* BusesModel.xcdatamodel */ = {isa = PBXFileReference; lastKnownFileType = wrapper.xcdatamodel; path = BusesModel.xcdatamodel; sourceTree = "<group>"; };
		DD9881E61CABE67B00BB0B06 /* Stop.h */ = {isa = PBXFileReference; fileEncoding = 4; lastKnownFileType = sourcecode.c.h; path = Stop.h; sourceTree = "<group>"; };
		DD9881E71CABE67B00BB0B06 /* Stop.m */ = {isa = PBXFileReference; fileEncoding = 4; lastKnownFileType = sourcecode.c.objc; path = Stop.m; sourceTree = "<group>"; };
		DD9881FB1CAC12D400BB0B06 /* LkRouteStop.h */ = {isa = PBXFileReference; fileEncoding = 4; lastKnownFileType = sourcecode.c.h; path = LkRouteStop.h; sourceTree = "<group>"; };
		DD9881FC1CAC12D400BB0B06 /* LkRouteStop.m */ = {isa = PBXFileReference; fileEncoding = 4; lastKnownFileType = sourcecode.c.objc; path = LkRouteStop.m; sourceTree = "<group>"; };
		DD9882011CAC1D8A00BB0B06 /* StopsTableViewController.h */ = {isa = PBXFileReference; fileEncoding = 4; lastKnownFileType = sourcecode.c.h; path = StopsTableViewController.h; sourceTree = "<group>"; };
		DD9882021CAC1D8A00BB0B06 /* StopsTableViewController.m */ = {isa = PBXFileReference; fileEncoding = 4; lastKnownFileType = sourcecode.c.objc; path = StopsTableViewController.m; sourceTree = "<group>"; };
		DD9882311CAC5BBF00BB0B06 /* CDLkRouteStop+CoreDataProperties.h */ = {isa = PBXFileReference; fileEncoding = 4; lastKnownFileType = sourcecode.c.h; path = "CDLkRouteStop+CoreDataProperties.h"; sourceTree = "<group>"; };
		DD9882321CAC5BBF00BB0B06 /* CDLkRouteStop+CoreDataProperties.m */ = {isa = PBXFileReference; fileEncoding = 4; lastKnownFileType = sourcecode.c.objc; path = "CDLkRouteStop+CoreDataProperties.m"; sourceTree = "<group>"; };
		DD9882331CAC5BBF00BB0B06 /* CDLkRouteStop.h */ = {isa = PBXFileReference; fileEncoding = 4; lastKnownFileType = sourcecode.c.h; path = CDLkRouteStop.h; sourceTree = "<group>"; };
		DD9882341CAC5BBF00BB0B06 /* CDLkRouteStop.m */ = {isa = PBXFileReference; fileEncoding = 4; lastKnownFileType = sourcecode.c.objc; path = CDLkRouteStop.m; sourceTree = "<group>"; };
		DD9882351CAC5BBF00BB0B06 /* CDStop+CoreDataProperties.h */ = {isa = PBXFileReference; fileEncoding = 4; lastKnownFileType = sourcecode.c.h; path = "CDStop+CoreDataProperties.h"; sourceTree = "<group>"; };
		DD9882361CAC5BBF00BB0B06 /* CDStop+CoreDataProperties.m */ = {isa = PBXFileReference; fileEncoding = 4; lastKnownFileType = sourcecode.c.objc; path = "CDStop+CoreDataProperties.m"; sourceTree = "<group>"; };
		DD9882371CAC5BBF00BB0B06 /* CDStop.h */ = {isa = PBXFileReference; fileEncoding = 4; lastKnownFileType = sourcecode.c.h; path = CDStop.h; sourceTree = "<group>"; };
		DD9882381CAC5BBF00BB0B06 /* CDStop.m */ = {isa = PBXFileReference; fileEncoding = 4; lastKnownFileType = sourcecode.c.objc; path = CDStop.m; sourceTree = "<group>"; };
		DD9882391CAC5BBF00BB0B06 /* CDRoute+CoreDataProperties.h */ = {isa = PBXFileReference; fileEncoding = 4; lastKnownFileType = sourcecode.c.h; path = "CDRoute+CoreDataProperties.h"; sourceTree = "<group>"; };
		DD98823A1CAC5BBF00BB0B06 /* CDRoute+CoreDataProperties.m */ = {isa = PBXFileReference; fileEncoding = 4; lastKnownFileType = sourcecode.c.objc; path = "CDRoute+CoreDataProperties.m"; sourceTree = "<group>"; };
		DD98823B1CAC5BBF00BB0B06 /* CDRoute.h */ = {isa = PBXFileReference; fileEncoding = 4; lastKnownFileType = sourcecode.c.h; path = CDRoute.h; sourceTree = "<group>"; };
		DD98823C1CAC5BBF00BB0B06 /* CDRoute.m */ = {isa = PBXFileReference; fileEncoding = 4; lastKnownFileType = sourcecode.c.objc; path = CDRoute.m; sourceTree = "<group>"; };
		DD9BC7511C84610F00900F85 /* B&H Buses.app */ = {isa = PBXFileReference; explicitFileType = wrapper.application; includeInIndex = 0; path = "B&H Buses.app"; sourceTree = BUILT_PRODUCTS_DIR; };
		DD9BC7551C84610F00900F85 /* main.m */ = {isa = PBXFileReference; lastKnownFileType = sourcecode.c.objc; path = main.m; sourceTree = "<group>"; };
		DD9BC7571C84610F00900F85 /* AppDelegate.h */ = {isa = PBXFileReference; lastKnownFileType = sourcecode.c.h; path = AppDelegate.h; sourceTree = "<group>"; };
		DD9BC7581C84610F00900F85 /* AppDelegate.m */ = {isa = PBXFileReference; lastKnownFileType = sourcecode.c.objc; path = AppDelegate.m; sourceTree = "<group>"; };
		DD9BC75E1C84610F00900F85 /* Base */ = {isa = PBXFileReference; lastKnownFileType = file.storyboard; name = Base; path = Base.lproj/Main.storyboard; sourceTree = "<group>"; };
		DD9BC7601C84610F00900F85 /* Assets.xcassets */ = {isa = PBXFileReference; lastKnownFileType = folder.assetcatalog; path = Assets.xcassets; sourceTree = "<group>"; };
		DD9BC7631C84610F00900F85 /* Base */ = {isa = PBXFileReference; lastKnownFileType = file.storyboard; name = Base; path = Base.lproj/LaunchScreen.storyboard; sourceTree = "<group>"; };
		DD9BC7651C84610F00900F85 /* Info.plist */ = {isa = PBXFileReference; lastKnownFileType = text.plist.xml; path = Info.plist; sourceTree = "<group>"; };
		DD9BC76B1C84611C00900F85 /* CoreData.framework */ = {isa = PBXFileReference; lastKnownFileType = wrapper.framework; name = CoreData.framework; path = System/Library/Frameworks/CoreData.framework; sourceTree = SDKROOT; };
		DD9BC76D1C84612600900F85 /* CoreLocation.framework */ = {isa = PBXFileReference; lastKnownFileType = wrapper.framework; name = CoreLocation.framework; path = System/Library/Frameworks/CoreLocation.framework; sourceTree = SDKROOT; };
		DD9BC76F1C84612E00900F85 /* MapKit.framework */ = {isa = PBXFileReference; lastKnownFileType = wrapper.framework; name = MapKit.framework; path = System/Library/Frameworks/MapKit.framework; sourceTree = SDKROOT; };
		DD9BC7711C8461FB00900F85 /* InitialLoadViewController.h */ = {isa = PBXFileReference; fileEncoding = 4; lastKnownFileType = sourcecode.c.h; path = InitialLoadViewController.h; sourceTree = "<group>"; };
		DD9BC7721C8461FB00900F85 /* InitialLoadViewController.m */ = {isa = PBXFileReference; fileEncoding = 4; lastKnownFileType = sourcecode.c.objc; path = InitialLoadViewController.m; sourceTree = "<group>"; };
		DD9BC7781C8462E500900F85 /* RoutesTableViewController.h */ = {isa = PBXFileReference; fileEncoding = 4; lastKnownFileType = sourcecode.c.h; path = RoutesTableViewController.h; sourceTree = "<group>"; };
		DD9BC7791C8462E500900F85 /* RoutesTableViewController.m */ = {isa = PBXFileReference; fileEncoding = 4; lastKnownFileType = sourcecode.c.objc; path = RoutesTableViewController.m; sourceTree = "<group>"; };
		DD9BC77D1C8463A700900F85 /* HTTPGetRequest.h */ = {isa = PBXFileReference; fileEncoding = 4; lastKnownFileType = sourcecode.c.h; path = HTTPGetRequest.h; sourceTree = "<group>"; };
		DD9BC77E1C8463A700900F85 /* HTTPGetRequest.m */ = {isa = PBXFileReference; fileEncoding = 4; lastKnownFileType = sourcecode.c.objc; path = HTTPGetRequest.m; sourceTree = "<group>"; };
		DD9BC7801C8464C100900F85 /* Route.h */ = {isa = PBXFileReference; fileEncoding = 4; lastKnownFileType = sourcecode.c.h; path = Route.h; sourceTree = "<group>"; };
		DD9BC7811C8464C100900F85 /* Route.m */ = {isa = PBXFileReference; fileEncoding = 4; lastKnownFileType = sourcecode.c.objc; path = Route.m; sourceTree = "<group>"; };
		DDA1DEAA1CB7B86600B0CE1C /* DepartureTimesViewController.h */ = {isa = PBXFileReference; fileEncoding = 4; lastKnownFileType = sourcecode.c.h; path = DepartureTimesViewController.h; sourceTree = "<group>"; };
		DDA1DEAB1CB7B86600B0CE1C /* DepartureTimesViewController.m */ = {isa = PBXFileReference; fileEncoding = 4; lastKnownFileType = sourcecode.c.objc; path = DepartureTimesViewController.m; sourceTree = "<group>"; };
		DDA1DEAD1CB7BBC100B0CE1C /* DepartureTime.h */ = {isa = PBXFileReference; fileEncoding = 4; lastKnownFileType = sourcecode.c.h; path = DepartureTime.h; sourceTree = "<group>"; };
		DDA1DEAE1CB7BBC100B0CE1C /* DepartureTime.m */ = {isa = PBXFileReference; fileEncoding = 4; lastKnownFileType = sourcecode.c.objc; path = DepartureTime.m; sourceTree = "<group>"; };
		DDA1DEB01CB7C3B200B0CE1C /* DepartureTimeTableViewCell.h */ = {isa = PBXFileReference; fileEncoding = 4; lastKnownFileType = sourcecode.c.h; path = DepartureTimeTableViewCell.h; sourceTree = "<group>"; };
		DDA1DEB11CB7C3B200B0CE1C /* DepartureTimeTableViewCell.m */ = {isa = PBXFileReference; fileEncoding = 4; lastKnownFileType = sourcecode.c.objc; path = DepartureTimeTableViewCell.m; sourceTree = "<group>"; };
/* End PBXFileReference section */

/* Begin PBXFrameworksBuildPhase section */
		DD9BC74E1C84610F00900F85 /* Frameworks */ = {
			isa = PBXFrameworksBuildPhase;
			buildActionMask = 2147483647;
			files = (
				DD9BC7701C84612E00900F85 /* MapKit.framework in Frameworks */,
				DD9BC76E1C84612600900F85 /* CoreLocation.framework in Frameworks */,
				DD9BC76C1C84611C00900F85 /* CoreData.framework in Frameworks */,
			);
			runOnlyForDeploymentPostprocessing = 0;
		};
/* End PBXFrameworksBuildPhase section */

/* Begin PBXGroup section */
		DD9881D61CABDE0500BB0B06 /* CoreData */ = {
			isa = PBXGroup;
			children = (
				DD9882311CAC5BBF00BB0B06 /* CDLkRouteStop+CoreDataProperties.h */,
				DD9882321CAC5BBF00BB0B06 /* CDLkRouteStop+CoreDataProperties.m */,
				DD9882331CAC5BBF00BB0B06 /* CDLkRouteStop.h */,
				DD9882341CAC5BBF00BB0B06 /* CDLkRouteStop.m */,
				DD9882351CAC5BBF00BB0B06 /* CDStop+CoreDataProperties.h */,
				DD9882361CAC5BBF00BB0B06 /* CDStop+CoreDataProperties.m */,
				DD9882371CAC5BBF00BB0B06 /* CDStop.h */,
				DD9882381CAC5BBF00BB0B06 /* CDStop.m */,
				DD9882391CAC5BBF00BB0B06 /* CDRoute+CoreDataProperties.h */,
				DD98823A1CAC5BBF00BB0B06 /* CDRoute+CoreDataProperties.m */,
				DD98823B1CAC5BBF00BB0B06 /* CDRoute.h */,
				DD98823C1CAC5BBF00BB0B06 /* CDRoute.m */,
				DD9881D71CABDE3A00BB0B06 /* BusesModel.xcdatamodeld */,
			);
			name = CoreData;
			sourceTree = "<group>";
		};
		DD9BC7481C84610F00900F85 = {
			isa = PBXGroup;
			children = (
				DD9BC76F1C84612E00900F85 /* MapKit.framework */,
				DD9BC76D1C84612600900F85 /* CoreLocation.framework */,
				DD9BC76B1C84611C00900F85 /* CoreData.framework */,
				DD9BC7531C84610F00900F85 /* B&H Buses */,
				DD9BC7521C84610F00900F85 /* Products */,
			);
			sourceTree = "<group>";
		};
		DD9BC7521C84610F00900F85 /* Products */ = {
			isa = PBXGroup;
			children = (
				DD9BC7511C84610F00900F85 /* B&H Buses.app */,
			);
			name = Products;
			sourceTree = "<group>";
		};
		DD9BC7531C84610F00900F85 /* B&H Buses */ = {
			isa = PBXGroup;
			children = (
				DD9881D61CABDE0500BB0B06 /* CoreData */,
				DD9BC77C1C84637700900F85 /* Network Classes */,
				DD9BC77B1C84635600900F85 /* Models */,
				DD9BC7741C8462AF00900F85 /*  View Controllers */,
				DD9BC75D1C84610F00900F85 /* Main.storyboard */,
				DD9BC7601C84610F00900F85 /* Assets.xcassets */,
				DD9BC7541C84610F00900F85 /* Supporting Files */,
			);
			path = "B&H Buses";
			sourceTree = "<group>";
		};
		DD9BC7541C84610F00900F85 /* Supporting Files */ = {
			isa = PBXGroup;
			children = (
				DD9881D41CABDD8200BB0B06 /* AllStopsForAllRoutes.json */,
				DD9BC7551C84610F00900F85 /* main.m */,
				DD9BC7571C84610F00900F85 /* AppDelegate.h */,
				DD9BC7581C84610F00900F85 /* AppDelegate.m */,
				DD9BC7621C84610F00900F85 /* LaunchScreen.storyboard */,
				DD9BC7651C84610F00900F85 /* Info.plist */,
			);
			name = "Supporting Files";
			sourceTree = "<group>";
		};
		DD9BC7741C8462AF00900F85 /*  View Controllers */ = {
			isa = PBXGroup;
			children = (
				DD9BC7711C8461FB00900F85 /* InitialLoadViewController.h */,
				DD9BC7721C8461FB00900F85 /* InitialLoadViewController.m */,
				DD9BC7781C8462E500900F85 /* RoutesTableViewController.h */,
				DD9BC7791C8462E500900F85 /* RoutesTableViewController.m */,
				DD9882011CAC1D8A00BB0B06 /* StopsTableViewController.h */,
				DD9882021CAC1D8A00BB0B06 /* StopsTableViewController.m */,
				DDA1DEAA1CB7B86600B0CE1C /* DepartureTimesViewController.h */,
				DDA1DEAB1CB7B86600B0CE1C /* DepartureTimesViewController.m */,
				DDA1DEB01CB7C3B200B0CE1C /* DepartureTimeTableViewCell.h */,
				DDA1DEB11CB7C3B200B0CE1C /* DepartureTimeTableViewCell.m */,
			);
			name = " View Controllers";
			sourceTree = "<group>";
		};
		DD9BC77B1C84635600900F85 /* Models */ = {
			isa = PBXGroup;
			children = (
				DD9BC7801C8464C100900F85 /* Route.h */,
				DD9BC7811C8464C100900F85 /* Route.m */,
				DD9881E61CABE67B00BB0B06 /* Stop.h */,
				DD9881E71CABE67B00BB0B06 /* Stop.m */,
				DD9881FB1CAC12D400BB0B06 /* LkRouteStop.h */,
				DD9881FC1CAC12D400BB0B06 /* LkRouteStop.m */,
				DDA1DEAD1CB7BBC100B0CE1C /* DepartureTime.h */,
				DDA1DEAE1CB7BBC100B0CE1C /* DepartureTime.m */,
			);
			name = Models;
			sourceTree = "<group>";
		};
		DD9BC77C1C84637700900F85 /* Network Classes */ = {
			isa = PBXGroup;
			children = (
				DD9BC77D1C8463A700900F85 /* HTTPGetRequest.h */,
				DD9BC77E1C8463A700900F85 /* HTTPGetRequest.m */,
			);
			name = "Network Classes";
			sourceTree = "<group>";
		};
/* End PBXGroup section */

/* Begin PBXNativeTarget section */
		DD9BC7501C84610F00900F85 /* B&H Buses */ = {
			isa = PBXNativeTarget;
			buildConfigurationList = DD9BC7681C84610F00900F85 /* Build configuration list for PBXNativeTarget "B&H Buses" */;
			buildPhases = (
				DD9BC74D1C84610F00900F85 /* Sources */,
				DD9BC74E1C84610F00900F85 /* Frameworks */,
				DD9BC74F1C84610F00900F85 /* Resources */,
			);
			buildRules = (
			);
			dependencies = (
			);
			name = "B&H Buses";
			productName = "B&H Buses";
			productReference = DD9BC7511C84610F00900F85 /* B&H Buses.app */;
			productType = "com.apple.product-type.application";
		};
/* End PBXNativeTarget section */

/* Begin PBXProject section */
		DD9BC7491C84610F00900F85 /* Project object */ = {
			isa = PBXProject;
			attributes = {
				LastUpgradeCheck = 0720;
				ORGANIZATIONNAME = "Tom Pullen";
				TargetAttributes = {
					DD9BC7501C84610F00900F85 = {
						CreatedOnToolsVersion = 7.2.1;
						DevelopmentTeam = MLEWQ3WMQX;
					};
				};
			};
			buildConfigurationList = DD9BC74C1C84610F00900F85 /* Build configuration list for PBXProject "B&H Buses" */;
			compatibilityVersion = "Xcode 3.2";
			developmentRegion = English;
			hasScannedForEncodings = 0;
			knownRegions = (
				en,
				Base,
			);
			mainGroup = DD9BC7481C84610F00900F85;
			productRefGroup = DD9BC7521C84610F00900F85 /* Products */;
			projectDirPath = "";
			projectRoot = "";
			targets = (
				DD9BC7501C84610F00900F85 /* B&H Buses */,
			);
		};
/* End PBXProject section */

/* Begin PBXResourcesBuildPhase section */
		DD9BC74F1C84610F00900F85 /* Resources */ = {
			isa = PBXResourcesBuildPhase;
			buildActionMask = 2147483647;
			files = (
				DD9BC7641C84610F00900F85 /* LaunchScreen.storyboard in Resources */,
				DD9881D51CABDD8200BB0B06 /* AllStopsForAllRoutes.json in Resources */,
				DD9BC7611C84610F00900F85 /* Assets.xcassets in Resources */,
				DD9BC75F1C84610F00900F85 /* Main.storyboard in Resources */,
			);
			runOnlyForDeploymentPostprocessing = 0;
		};
/* End PBXResourcesBuildPhase section */

/* Begin PBXSourcesBuildPhase section */
		DD9BC74D1C84610F00900F85 /* Sources */ = {
			isa = PBXSourcesBuildPhase;
			buildActionMask = 2147483647;
			files = (
				DDA1DEB21CB7C3B200B0CE1C /* DepartureTimeTableViewCell.m in Sources */,
				DD9882401CAC5BBF00BB0B06 /* CDStop.m in Sources */,
				DDA1DEAC1CB7B86600B0CE1C /* DepartureTimesViewController.m in Sources */,
				DD9881D91CABDE3A00BB0B06 /* BusesModel.xcdatamodeld in Sources */,
				DD98823D1CAC5BBF00BB0B06 /* CDLkRouteStop+CoreDataProperties.m in Sources */,
				DD9BC7591C84610F00900F85 /* AppDelegate.m in Sources */,
				DD9BC77F1C8463A700900F85 /* HTTPGetRequest.m in Sources */,
				DD98823F1CAC5BBF00BB0B06 /* CDStop+CoreDataProperties.m in Sources */,
				DD9BC7561C84610F00900F85 /* main.m in Sources */,
				DD9882031CAC1D8A00BB0B06 /* StopsTableViewController.m in Sources */,
				DD9882411CAC5BBF00BB0B06 /* CDRoute+CoreDataProperties.m in Sources */,
				DD9BC7821C8464C100900F85 /* Route.m in Sources */,
				DD9882421CAC5BBF00BB0B06 /* CDRoute.m in Sources */,
				DD9BC7731C8461FB00900F85 /* InitialLoadViewController.m in Sources */,
				DD9BC77A1C8462E500900F85 /* RoutesTableViewController.m in Sources */,
				DD98823E1CAC5BBF00BB0B06 /* CDLkRouteStop.m in Sources */,
				DDA1DEAF1CB7BBC100B0CE1C /* DepartureTime.m in Sources */,
				DD9881E81CABE67B00BB0B06 /* Stop.m in Sources */,
				DD9881FD1CAC12D400BB0B06 /* LkRouteStop.m in Sources */,
			);
			runOnlyForDeploymentPostprocessing = 0;
		};
/* End PBXSourcesBuildPhase section */

/* Begin PBXVariantGroup section */
		DD9BC75D1C84610F00900F85 /* Main.storyboard */ = {
			isa = PBXVariantGroup;
			children = (
				DD9BC75E1C84610F00900F85 /* Base */,
			);
			name = Main.storyboard;
			sourceTree = "<group>";
		};
		DD9BC7621C84610F00900F85 /* LaunchScreen.storyboard */ = {
			isa = PBXVariantGroup;
			children = (
				DD9BC7631C84610F00900F85 /* Base */,
			);
			name = LaunchScreen.storyboard;
			sourceTree = "<group>";
		};
/* End PBXVariantGroup section */

/* Begin XCBuildConfiguration section */
		DD9BC7661C84610F00900F85 /* Debug */ = {
			isa = XCBuildConfiguration;
			buildSettings = {
				ALWAYS_SEARCH_USER_PATHS = NO;
				CLANG_CXX_LANGUAGE_STANDARD = "gnu++0x";
				CLANG_CXX_LIBRARY = "libc++";
				CLANG_ENABLE_MODULES = YES;
				CLANG_ENABLE_OBJC_ARC = YES;
				CLANG_WARN_BOOL_CONVERSION = YES;
				CLANG_WARN_CONSTANT_CONVERSION = YES;
				CLANG_WARN_DIRECT_OBJC_ISA_USAGE = YES_ERROR;
				CLANG_WARN_EMPTY_BODY = YES;
				CLANG_WARN_ENUM_CONVERSION = YES;
				CLANG_WARN_INT_CONVERSION = YES;
				CLANG_WARN_OBJC_ROOT_CLASS = YES_ERROR;
				CLANG_WARN_UNREACHABLE_CODE = YES;
				CLANG_WARN__DUPLICATE_METHOD_MATCH = YES;
				"CODE_SIGN_IDENTITY[sdk=iphoneos*]" = "iPhone Developer";
				COPY_PHASE_STRIP = NO;
				DEBUG_INFORMATION_FORMAT = dwarf;
				ENABLE_STRICT_OBJC_MSGSEND = YES;
				ENABLE_TESTABILITY = YES;
				GCC_C_LANGUAGE_STANDARD = gnu99;
				GCC_DYNAMIC_NO_PIC = NO;
				GCC_NO_COMMON_BLOCKS = YES;
				GCC_OPTIMIZATION_LEVEL = 0;
				GCC_PREPROCESSOR_DEFINITIONS = (
					"DEBUG=1",
					"$(inherited)",
				);
				GCC_WARN_64_TO_32_BIT_CONVERSION = YES;
				GCC_WARN_ABOUT_RETURN_TYPE = YES_ERROR;
				GCC_WARN_UNDECLARED_SELECTOR = YES;
				GCC_WARN_UNINITIALIZED_AUTOS = YES_AGGRESSIVE;
				GCC_WARN_UNUSED_FUNCTION = YES;
				GCC_WARN_UNUSED_VARIABLE = YES;
				IPHONEOS_DEPLOYMENT_TARGET = 9.2;
				MTL_ENABLE_DEBUG_INFO = YES;
				ONLY_ACTIVE_ARCH = YES;
				SDKROOT = iphoneos;
			};
			name = Debug;
		};
		DD9BC7671C84610F00900F85 /* Release */ = {
			isa = XCBuildConfiguration;
			buildSettings = {
				ALWAYS_SEARCH_USER_PATHS = NO;
				CLANG_CXX_LANGUAGE_STANDARD = "gnu++0x";
				CLANG_CXX_LIBRARY = "libc++";
				CLANG_ENABLE_MODULES = YES;
				CLANG_ENABLE_OBJC_ARC = YES;
				CLANG_WARN_BOOL_CONVERSION = YES;
				CLANG_WARN_CONSTANT_CONVERSION = YES;
				CLANG_WARN_DIRECT_OBJC_ISA_USAGE = YES_ERROR;
				CLANG_WARN_EMPTY_BODY = YES;
				CLANG_WARN_ENUM_CONVERSION = YES;
				CLANG_WARN_INT_CONVERSION = YES;
				CLANG_WARN_OBJC_ROOT_CLASS = YES_ERROR;
				CLANG_WARN_UNREACHABLE_CODE = YES;
				CLANG_WARN__DUPLICATE_METHOD_MATCH = YES;
				"CODE_SIGN_IDENTITY[sdk=iphoneos*]" = "iPhone Developer";
				COPY_PHASE_STRIP = NO;
				DEBUG_INFORMATION_FORMAT = "dwarf-with-dsym";
				ENABLE_NS_ASSERTIONS = NO;
				ENABLE_STRICT_OBJC_MSGSEND = YES;
				GCC_C_LANGUAGE_STANDARD = gnu99;
				GCC_NO_COMMON_BLOCKS = YES;
				GCC_WARN_64_TO_32_BIT_CONVERSION = YES;
				GCC_WARN_ABOUT_RETURN_TYPE = YES_ERROR;
				GCC_WARN_UNDECLARED_SELECTOR = YES;
				GCC_WARN_UNINITIALIZED_AUTOS = YES_AGGRESSIVE;
				GCC_WARN_UNUSED_FUNCTION = YES;
				GCC_WARN_UNUSED_VARIABLE = YES;
				IPHONEOS_DEPLOYMENT_TARGET = 9.2;
				MTL_ENABLE_DEBUG_INFO = NO;
				SDKROOT = iphoneos;
				VALIDATE_PRODUCT = YES;
			};
			name = Release;
		};
		DD9BC7691C84610F00900F85 /* Debug */ = {
			isa = XCBuildConfiguration;
			buildSettings = {
				ASSETCATALOG_COMPILER_APPICON_NAME = AppIcon;
				INFOPLIST_FILE = "B&H Buses/Info.plist";
				IPHONEOS_DEPLOYMENT_TARGET = 8.0;
				LD_RUNPATH_SEARCH_PATHS = "$(inherited) @executable_path/Frameworks";
				PRODUCT_BUNDLE_IDENTIFIER = "self.edu.tompullen.B-H-Buses";
				PRODUCT_NAME = "$(TARGET_NAME)";
			};
			name = Debug;
		};
		DD9BC76A1C84610F00900F85 /* Release */ = {
			isa = XCBuildConfiguration;
			buildSettings = {
				ASSETCATALOG_COMPILER_APPICON_NAME = AppIcon;
				INFOPLIST_FILE = "B&H Buses/Info.plist";
				IPHONEOS_DEPLOYMENT_TARGET = 8.0;
				LD_RUNPATH_SEARCH_PATHS = "$(inherited) @executable_path/Frameworks";
				PRODUCT_BUNDLE_IDENTIFIER = "self.edu.tompullen.B-H-Buses";
				PRODUCT_NAME = "$(TARGET_NAME)";
			};
			name = Release;
		};
/* End XCBuildConfiguration section */

/* Begin XCConfigurationList section */
		DD9BC74C1C84610F00900F85 /* Build configuration list for PBXProject "B&H Buses" */ = {
			isa = XCConfigurationList;
			buildConfigurations = (
				DD9BC7661C84610F00900F85 /* Debug */,
				DD9BC7671C84610F00900F85 /* Release */,
			);
			defaultConfigurationIsVisible = 0;
			defaultConfigurationName = Release;
		};
		DD9BC7681C84610F00900F85 /* Build configuration list for PBXNativeTarget "B&H Buses" */ = {
			isa = XCConfigurationList;
			buildConfigurations = (
				DD9BC7691C84610F00900F85 /* Debug */,
				DD9BC76A1C84610F00900F85 /* Release */,
			);
			defaultConfigurationIsVisible = 0;
			defaultConfigurationName = Release;
		};
/* End XCConfigurationList section */

/* Begin XCVersionGroup section */
		DD9881D71CABDE3A00BB0B06 /* BusesModel.xcdatamodeld */ = {
			isa = XCVersionGroup;
			children = (
				DD9881D81CABDE3A00BB0B06 /* BusesModel.xcdatamodel */,
			);
			currentVersion = DD9881D81CABDE3A00BB0B06 /* BusesModel.xcdatamodel */;
			path = BusesModel.xcdatamodeld;
			sourceTree = "<group>";
			versionGroupType = wrapper.xcdatamodel;
		};
/* End XCVersionGroup section */
	};
	rootObject = DD9BC7491C84610F00900F85 /* Project object */;
}
